
Microsoft Visual Studio Solution File, Format Version 12.00
# Visual Studio Version 17
VisualStudioVersion = 17.5.002.0
MinimumVisualStudioVersion = 10.0.40219.1
Project("{FAE04EC0-301F-11D3-BF4B-00C04F79EFBC}") = "LegalEntities", "src\LegalEntities.csproj", "{6166D42B-EDB9-4ADC-94BB-44EACC71EDF1}"
EndProject
Project("{FAE04EC0-301F-11D3-BF4B-00C04F79EFBC}") = "LegalEntities.Migrator", "migrator\LegalEntities.Migrator.csproj", "{CF9D3DF1-FADC-4972-8D30-20A03839107E}"
EndProject
Project("{FAE04EC0-301F-11D3-BF4B-00C04F79EFBC}") = "LegalEntities.Tests", "tests\LegalEntities.Tests.csproj", "{256178C3-075E-41A2-9F23-AFBCFEBEC969}"
EndProject
Global
	GlobalSection(SolutionConfigurationPlatforms) = preSolution
		Debug|Any CPU = Debug|Any CPU
		Release|Any CPU = Release|Any CPU
	EndGlobalSection
	GlobalSection(ProjectConfigurationPlatforms) = postSolution
		{6166D42B-EDB9-4ADC-94BB-44EACC71EDF1}.Debug|Any CPU.ActiveCfg = Debug|Any CPU
		{6166D42B-EDB9-4ADC-94BB-44EACC71EDF1}.Debug|Any CPU.Build.0 = Debug|Any CPU
		{6166D42B-EDB9-4ADC-94BB-44EACC71EDF1}.Release|Any CPU.ActiveCfg = Release|Any CPU
		{6166D42B-EDB9-4ADC-94BB-44EACC71EDF1}.Release|Any CPU.Build.0 = Release|Any CPU
		{CF9D3DF1-FADC-4972-8D30-20A03839107E}.Debug|Any CPU.ActiveCfg = Debug|Any CPU
		{CF9D3DF1-FADC-4972-8D30-20A03839107E}.Debug|Any CPU.Build.0 = Debug|Any CPU
		{CF9D3DF1-FADC-4972-8D30-20A03839107E}.Release|Any CPU.ActiveCfg = Release|Any CPU
		{CF9D3DF1-FADC-4972-8D30-20A03839107E}.Release|Any CPU.Build.0 = Release|Any CPU
		{256178C3-075E-41A2-9F23-AFBCFEBEC969}.Debug|Any CPU.ActiveCfg = Debug|Any CPU
		{256178C3-075E-41A2-9F23-AFBCFEBEC969}.Debug|Any CPU.Build.0 = Debug|Any CPU
		{256178C3-075E-41A2-9F23-AFBCFEBEC969}.Release|Any CPU.ActiveCfg = Release|Any CPU
		{256178C3-075E-41A2-9F23-AFBCFEBEC969}.Release|Any CPU.Build.0 = Release|Any CPU
	EndGlobalSection
	GlobalSection(SolutionProperties) = preSolution
		HideSolutionNode = FALSE
	EndGlobalSection
	GlobalSection(ExtensibilityGlobals) = postSolution
		SolutionGuid = {444757DB-8CC5-4A1B-AF93-412A94E142BA}
	EndGlobalSection
EndGlobal
